# THIS IS AN AUTOGENERATED FILE. DO NOT EDIT THIS FILE DIRECTLY.
# yarn lockfile v1


"@esbuild/android-arm64@0.17.14":
  version "0.17.14"
  resolved "https://registry.yarnpkg.com/@esbuild/android-arm64/-/android-arm64-0.17.14.tgz#4624cea3c8941c91f9e9c1228f550d23f1cef037"
  integrity sha512-eLOpPO1RvtsP71afiFTvS7tVFShJBCT0txiv/xjFBo5a7R7Gjw7X0IgIaFoLKhqXYAXhahoXm7qAmRXhY4guJg==

"@esbuild/android-arm@0.17.14":
  version "0.17.14"
  resolved "https://registry.yarnpkg.com/@esbuild/android-arm/-/android-arm-0.17.14.tgz#74fae60fcab34c3f0e15cb56473a6091ba2b53a6"
  integrity sha512-0CnlwnjDU8cks0yJLXfkaU/uoLyRf9VZJs4p1PskBr2AlAHeEsFEwJEo0of/Z3g+ilw5mpyDwThlxzNEIxOE4g==

"@esbuild/android-x64@0.17.14":
  version "0.17.14"
  resolved "https://registry.yarnpkg.com/@esbuild/android-x64/-/android-x64-0.17.14.tgz#f002fbc08d5e939d8314bd23bcfb1e95d029491f"
  integrity sha512-nrfQYWBfLGfSGLvRVlt6xi63B5IbfHm3tZCdu/82zuFPQ7zez4XjmRtF/wIRYbJQ/DsZrxJdEvYFE67avYXyng==

"@esbuild/darwin-arm64@0.17.14":
  version "0.17.14"
  resolved "https://registry.yarnpkg.com/@esbuild/darwin-arm64/-/darwin-arm64-0.17.14.tgz#b8dcd79a1dd19564950b4ca51d62999011e2e168"
  integrity sha512-eoSjEuDsU1ROwgBH/c+fZzuSyJUVXQTOIN9xuLs9dE/9HbV/A5IqdXHU1p2OfIMwBwOYJ9SFVGGldxeRCUJFyw==

"@esbuild/darwin-x64@0.17.14":
  version "0.17.14"
  resolved "https://registry.yarnpkg.com/@esbuild/darwin-x64/-/darwin-x64-0.17.14.tgz#4b49f195d9473625efc3c773fc757018f2c0d979"
  integrity sha512-zN0U8RWfrDttdFNkHqFYZtOH8hdi22z0pFm0aIJPsNC4QQZv7je8DWCX5iA4Zx6tRhS0CCc0XC2m7wKsbWEo5g==

"@esbuild/freebsd-arm64@0.17.14":
  version "0.17.14"
  resolved "https://registry.yarnpkg.com/@esbuild/freebsd-arm64/-/freebsd-arm64-0.17.14.tgz#480923fd38f644c6342c55e916cc7c231a85eeb7"
  integrity sha512-z0VcD4ibeZWVQCW1O7szaLxGsx54gcCnajEJMdYoYjLiq4g1jrP2lMq6pk71dbS5+7op/L2Aod+erw+EUr28/A==

"@esbuild/freebsd-x64@0.17.14":
  version "0.17.14"
  resolved "https://registry.yarnpkg.com/@esbuild/freebsd-x64/-/freebsd-x64-0.17.14.tgz#a6b6b01954ad8562461cb8a5e40e8a860af69cbe"
  integrity sha512-hd9mPcxfTgJlolrPlcXkQk9BMwNBvNBsVaUe5eNUqXut6weDQH8whcNaKNF2RO8NbpT6GY8rHOK2A9y++s+ehw==

"@esbuild/linux-arm64@0.17.14":
  version "0.17.14"
  resolved "https://registry.yarnpkg.com/@esbuild/linux-arm64/-/linux-arm64-0.17.14.tgz#1fe2f39f78183b59f75a4ad9c48d079916d92418"
  integrity sha512-FhAMNYOq3Iblcj9i+K0l1Fp/MHt+zBeRu/Qkf0LtrcFu3T45jcwB6A1iMsemQ42vR3GBhjNZJZTaCe3VFPbn9g==

"@esbuild/linux-arm@0.17.14":
  version "0.17.14"
  resolved "https://registry.yarnpkg.com/@esbuild/linux-arm/-/linux-arm-0.17.14.tgz#18d594a49b64e4a3a05022c005cb384a58056a2a"
  integrity sha512-BNTl+wSJ1omsH8s3TkQmIIIQHwvwJrU9u1ggb9XU2KTVM4TmthRIVyxSp2qxROJHhZuW/r8fht46/QE8hU8Qvg==

"@esbuild/linux-ia32@0.17.14":
  version "0.17.14"
  resolved "https://registry.yarnpkg.com/@esbuild/linux-ia32/-/linux-ia32-0.17.14.tgz#f7f0182a9cfc0159e0922ed66c805c9c6ef1b654"
  integrity sha512-91OK/lQ5y2v7AsmnFT+0EyxdPTNhov3y2CWMdizyMfxSxRqHazXdzgBKtlmkU2KYIc+9ZK3Vwp2KyXogEATYxQ==

"@esbuild/linux-loong64@0.17.14":
  version "0.17.14"
  resolved "https://registry.yarnpkg.com/@esbuild/linux-loong64/-/linux-loong64-0.17.14.tgz#5f5305fdffe2d71dd9a97aa77d0c99c99409066f"
  integrity sha512-vp15H+5NR6hubNgMluqqKza85HcGJgq7t6rMH7O3Y6ApiOWPkvW2AJfNojUQimfTp6OUrACUXfR4hmpcENXoMQ==

"@esbuild/linux-mips64el@0.17.14":
  version "0.17.14"
  resolved "https://registry.yarnpkg.com/@esbuild/linux-mips64el/-/linux-mips64el-0.17.14.tgz#a602e85c51b2f71d2aedfe7f4143b2f92f97f3f5"
  integrity sha512-90TOdFV7N+fgi6c2+GO9ochEkmm9kBAKnuD5e08GQMgMINOdOFHuYLPQ91RYVrnWwQ5683sJKuLi9l4SsbJ7Hg==

"@esbuild/linux-ppc64@0.17.14":
  version "0.17.14"
  resolved "https://registry.yarnpkg.com/@esbuild/linux-ppc64/-/linux-ppc64-0.17.14.tgz#32d918d782105cbd9345dbfba14ee018b9c7afdf"
  integrity sha512-NnBGeoqKkTugpBOBZZoktQQ1Yqb7aHKmHxsw43NddPB2YWLAlpb7THZIzsRsTr0Xw3nqiPxbA1H31ZMOG+VVPQ==

"@esbuild/linux-riscv64@0.17.14":
  version "0.17.14"
  resolved "https://registry.yarnpkg.com/@esbuild/linux-riscv64/-/linux-riscv64-0.17.14.tgz#38612e7b6c037dff7022c33f49ca17f85c5dec58"
  integrity sha512-0qdlKScLXA8MGVy21JUKvMzCYWovctuP8KKqhtE5A6IVPq4onxXhSuhwDd2g5sRCzNDlDjitc5sX31BzDoL5Fw==

"@esbuild/linux-s390x@0.17.14":
  version "0.17.14"
  resolved "https://registry.yarnpkg.com/@esbuild/linux-s390x/-/linux-s390x-0.17.14.tgz#4397dff354f899e72fd035d72af59a700c465ccb"
  integrity sha512-Hdm2Jo1yaaOro4v3+6/zJk6ygCqIZuSDJHdHaf8nVH/tfOuoEX5Riv03Ka15LmQBYJObUTNS1UdyoMk0WUn9Ww==

"@esbuild/linux-x64@0.17.14":
  version "0.17.14"
  resolved "https://registry.yarnpkg.com/@esbuild/linux-x64/-/linux-x64-0.17.14.tgz#6c5cb99891b6c3e0c08369da3ef465e8038ad9c2"
  integrity sha512-8KHF17OstlK4DuzeF/KmSgzrTWQrkWj5boluiiq7kvJCiQVzUrmSkaBvcLB2UgHpKENO2i6BthPkmUhNDaJsVw==

"@esbuild/netbsd-x64@0.17.14":
  version "0.17.14"
  resolved "https://registry.yarnpkg.com/@esbuild/netbsd-x64/-/netbsd-x64-0.17.14.tgz#5fa5255a64e9bf3947c1b3bef5e458b50b211994"
  integrity sha512-nVwpqvb3yyXztxIT2+VsxJhB5GCgzPdk1n0HHSnchRAcxqKO6ghXwHhJnr0j/B+5FSyEqSxF4q03rbA2fKXtUQ==

"@esbuild/openbsd-x64@0.17.14":
  version "0.17.14"
  resolved "https://registry.yarnpkg.com/@esbuild/openbsd-x64/-/openbsd-x64-0.17.14.tgz#74d14c79dcb6faf446878cc64284aa4e02f5ca6f"
  integrity sha512-1RZ7uQQ9zcy/GSAJL1xPdN7NDdOOtNEGiJalg/MOzeakZeTrgH/DoCkbq7TaPDiPhWqnDF+4bnydxRqQD7il6g==

"@esbuild/sunos-x64@0.17.14":
  version "0.17.14"
  resolved "https://registry.yarnpkg.com/@esbuild/sunos-x64/-/sunos-x64-0.17.14.tgz#5c7d1c7203781d86c2a9b2ff77bd2f8036d24cfa"
  integrity sha512-nqMjDsFwv7vp7msrwWRysnM38Sd44PKmW8EzV01YzDBTcTWUpczQg6mGao9VLicXSgW/iookNK6AxeogNVNDZA==

"@esbuild/win32-arm64@0.17.14":
  version "0.17.14"
  resolved "https://registry.yarnpkg.com/@esbuild/win32-arm64/-/win32-arm64-0.17.14.tgz#dc36ed84f1390e73b6019ccf0566c80045e5ca3d"
  integrity sha512-xrD0mccTKRBBIotrITV7WVQAwNJ5+1va6L0H9zN92v2yEdjfAN7864cUaZwJS7JPEs53bDTzKFbfqVlG2HhyKQ==

"@esbuild/win32-ia32@0.17.14":
  version "0.17.14"
  resolved "https://registry.yarnpkg.com/@esbuild/win32-ia32/-/win32-ia32-0.17.14.tgz#0802a107afa9193c13e35de15a94fe347c588767"
  integrity sha512-nXpkz9bbJrLLyUTYtRotSS3t5b+FOuljg8LgLdINWFs3FfqZMtbnBCZFUmBzQPyxqU87F8Av+3Nco/M3hEcu1w==

"@esbuild/win32-x64@0.17.14":
  version "0.17.14"
  resolved "https://registry.yarnpkg.com/@esbuild/win32-x64/-/win32-x64-0.17.14.tgz#e81fb49de05fed91bf74251c9ca0343f4fc77d31"
  integrity sha512-gPQmsi2DKTaEgG14hc3CHXHp62k8g6qr0Pas+I4lUxRMugGSATh/Bi8Dgusoz9IQ0IfdrvLpco6kujEIBoaogA==

balanced-match@^1.0.0:
  version "1.0.2"
  resolved "https://registry.yarnpkg.com/balanced-match/-/balanced-match-1.0.2.tgz#e83e3a7e3f300b34cb9d87f615fa0cbf357690ee"
  integrity sha512-3oSeUO0TMV67hN1AmbXsK4yaqU7tjiHlbxRDZOpH0KW9+CeX4bRAaX0Anxt0tx2MrpRpWwQaPwIlISEJhYU5Pw==

brace-expansion@^2.0.1:
  version "2.0.1"
  resolved "https://registry.yarnpkg.com/brace-expansion/-/brace-expansion-2.0.1.tgz#1edc459e0f0c548486ecf9fc99f2221364b9a0ae"
  integrity sha512-XnAIvQ8eM+kC6aULx6wuQiwVsnzsi9d3WxzV3FpWTGA19F621kwdbsAcFKXgKUHZWsy+mY6iL1sHTxWEFCytDA==
  dependencies:
    balanced-match "^1.0.0"

dat.gui@^0.7.9:
  version "0.7.9"
  resolved "https://registry.yarnpkg.com/dat.gui/-/dat.gui-0.7.9.tgz#860cab06053b028e327820eabdf25a13cf07b17e"
  integrity sha512-sCNc1OHobc+Erc1HqiswYgHdVNpSJUlk/Hz8vzOCsER7rl+oF/4+v8GXFUyCgtXpoCX6+bnmg07DedLvBLwYKQ==

decode-uri-component@^0.4.1:
  version "0.4.1"
  resolved "https://registry.yarnpkg.com/decode-uri-component/-/decode-uri-component-0.4.1.tgz#2ac4859663c704be22bf7db760a1494a49ab2cc5"
  integrity sha512-+8VxcR21HhTy8nOt6jf20w0c9CADrw1O8d+VZ/YzzCt4bJ3uBjw+D1q2osAB8RnpwwaeYBxy0HyKQxD5JBMuuQ==

esbuild@^0.17.5:
  version "0.17.14"
  resolved "https://registry.yarnpkg.com/esbuild/-/esbuild-0.17.14.tgz#d61a22de751a3133f3c6c7f9c1c3e231e91a3245"
  integrity sha512-vOO5XhmVj/1XQR9NQ1UPq6qvMYL7QFJU57J5fKBKBKxp17uDt5PgxFDb4A2nEiXhr1qQs4x0F5+66hVVw4ruNw==
  optionalDependencies:
    "@esbuild/android-arm" "0.17.14"
    "@esbuild/android-arm64" "0.17.14"
    "@esbuild/android-x64" "0.17.14"
    "@esbuild/darwin-arm64" "0.17.14"
    "@esbuild/darwin-x64" "0.17.14"
    "@esbuild/freebsd-arm64" "0.17.14"
    "@esbuild/freebsd-x64" "0.17.14"
    "@esbuild/linux-arm" "0.17.14"
    "@esbuild/linux-arm64" "0.17.14"
    "@esbuild/linux-ia32" "0.17.14"
    "@esbuild/linux-loong64" "0.17.14"
    "@esbuild/linux-mips64el" "0.17.14"
    "@esbuild/linux-ppc64" "0.17.14"
    "@esbuild/linux-riscv64" "0.17.14"
    "@esbuild/linux-s390x" "0.17.14"
    "@esbuild/linux-x64" "0.17.14"
    "@esbuild/netbsd-x64" "0.17.14"
    "@esbuild/openbsd-x64" "0.17.14"
    "@esbuild/sunos-x64" "0.17.14"
    "@esbuild/win32-arm64" "0.17.14"
    "@esbuild/win32-ia32" "0.17.14"
    "@esbuild/win32-x64" "0.17.14"

filter-obj@^5.1.0:
  version "5.1.0"
  resolved "https://registry.yarnpkg.com/filter-obj/-/filter-obj-5.1.0.tgz#5bd89676000a713d7db2e197f660274428e524ed"
  integrity sha512-qWeTREPoT7I0bifpPUXtxkZJ1XJzxWtfoWWkdVGqa+eCr3SHW/Ocp89o8vLvbUuQnadybJpjOKu4V+RwO6sGng==

fs.realpath@^1.0.0:
  version "1.0.0"
  resolved "https://registry.yarnpkg.com/fs.realpath/-/fs.realpath-1.0.0.tgz#1504ad2523158caa40db4a2787cb01411994ea4f"
  integrity sha512-OO0pH2lK6a0hZnAdau5ItzHPI6pUlvI7jMVnxUQRtw4owF2wk8lOSabtGDCTP4Ggrg2MbGnWO9X8K1t4+fGMDw==

fsevents@~2.3.2:
  version "2.3.2"
  resolved "https://registry.yarnpkg.com/fsevents/-/fsevents-2.3.2.tgz#8a526f78b8fdf4623b709e0b975c52c24c02fd1a"
  integrity sha512-xiqMQR4xAeHTuB9uWm+fFRcIOgKBMiOBP+eXiyT7jsgVCq1bkVygt00oASowB7EdtpOHaaPgKt812P9ab+DDKA==

function-bind@^1.1.1:
  version "1.1.1"
  resolved "https://registry.npmjs.org/function-bind/-/function-bind-1.1.1.tgz"
  integrity sha512-yIovAzMX49sF8Yl58fSCWJ5svSLuaibPxXQJFLmBObTuCr0Mf1KiPopGM9NiFjiYBCbfaa2Fh6breQ6ANVTI0A==

glob@^9.2.0:
  version "9.2.1"
  resolved "https://registry.yarnpkg.com/glob/-/glob-9.2.1.tgz#f47e34e1119e7d4f93a546e75851ba1f1e68de50"
  integrity sha512-Pxxgq3W0HyA3XUvSXcFhRSs+43Jsx0ddxcFrbjxNGkL2Ak5BAUBxLqI5G6ADDeCHLfzzXFhe0b1yYcctGmytMA==
  dependencies:
    fs.realpath "^1.0.0"
    minimatch "^7.4.1"
    minipass "^4.2.4"
    path-scurry "^1.6.1"

gltf-validator@^2.0.0-dev.3.9:
  version "2.0.0-dev.3.9"
  resolved "https://registry.yarnpkg.com/gltf-validator/-/gltf-validator-2.0.0-dev.3.9.tgz#831cd4d95ce36bc8a2cc176b739c927012119e98"
  integrity sha512-9nPcAgYJwT6sbml7S3/tC+N/BkqTUSL1u8GcmUQLuwToLR0ZH8CF3i/BhVqDwlg7OmKS2GGjjEcnU/oMMeIQUQ==

has@^1.0.3:
  version "1.0.3"
  resolved "https://registry.npmjs.org/has/-/has-1.0.3.tgz"
  integrity sha512-f2dvO0VU6Oej7RkWJGrehjbzMAjFp5/VKPp5tTpWIV4JHHZK1/BxbFRtf/siA2SWTe09caDmVtYYzWEIbBS4zw==
  dependencies:
    function-bind "^1.1.1"

is-core-module@^2.9.0:
  version "2.11.0"
  resolved "https://registry.yarnpkg.com/is-core-module/-/is-core-module-2.11.0.tgz#ad4cb3e3863e814523c96f3f58d26cc570ff0144"
  integrity sha512-RRjxlvLDkD1YJwDbroBHMb+cukurkDWNyHx7D3oNB5x9rb5ogcksMC5wHCadcXoo67gVr/+3GFySh3134zi6rw==
  dependencies:
    has "^1.0.3"

lru-cache@^7.14.1:
  version "7.18.3"
  resolved "https://registry.yarnpkg.com/lru-cache/-/lru-cache-7.18.3.tgz#f793896e0fd0e954a59dfdd82f0773808df6aa89"
  integrity sha512-jumlc0BIUrS3qJGgIkWZsyfAM7NCWiBcCDhnd+3NNM5KbBmLTgHVfWBcg6W+rLUsIpzpERPsvwUP7CckAQSOoA==

minimatch@^7.4.1:
  version "7.4.2"
  resolved "https://registry.yarnpkg.com/minimatch/-/minimatch-7.4.2.tgz#157e847d79ca671054253b840656720cb733f10f"
  integrity sha512-xy4q7wou3vUoC9k1xGTXc+awNdGaGVHtFUaey8tiX4H1QRc04DZ/rmDFwNm2EBsuYEhAZ6SgMmYf3InGY6OauA==
  dependencies:
    brace-expansion "^2.0.1"

minipass@^4.0.2, minipass@^4.2.4:
  version "4.2.4"
  resolved "https://registry.yarnpkg.com/minipass/-/minipass-4.2.4.tgz#7d0d97434b6a19f59c5c3221698b48bbf3b2cd06"
  integrity sha512-lwycX3cBMTvcejsHITUgYj6Gy6A7Nh4Q6h9NP4sTHY1ccJlC7yKzDmiShEHsJ16Jf1nKGDEaiHxiltsJEvk0nQ==

nanoid@^3.3.4:
  version "3.3.4"
  resolved "https://registry.yarnpkg.com/nanoid/-/nanoid-3.3.4.tgz#730b67e3cd09e2deacf03c027c81c9d9dbc5e8ab"
  integrity sha512-MqBkQh/OHTS2egovRtLk45wEyNXwF+cokD+1YPf9u5VfJiRdAiRwB2froX5Co9Rh20xs4siNPm8naNotSD6RBw==

path-parse@^1.0.7:
  version "1.0.7"
  resolved "https://registry.npmjs.org/path-parse/-/path-parse-1.0.7.tgz"
  integrity sha512-LDJzPVEEEPR+y48z93A0Ed0yXb8pAByGWo/k5YYdYgpY2/2EsOsksJrq7lOHxryrVOn1ejG6oAp8ahvOIQD8sw==

path-scurry@^1.6.1:
  version "1.6.1"
  resolved "https://registry.yarnpkg.com/path-scurry/-/path-scurry-1.6.1.tgz#dab45f7bb1d3f45a0e271ab258999f4ab7e23132"
  integrity sha512-OW+5s+7cw6253Q4E+8qQ/u1fVvcJQCJo/VFD8pje+dbJCF1n5ZRMV2AEHbGp+5Q7jxQIYJxkHopnj6nzdGeZLA==
  dependencies:
    lru-cache "^7.14.1"
    minipass "^4.0.2"

picocolors@^1.0.0:
  version "1.0.0"
  resolved "https://registry.yarnpkg.com/picocolors/-/picocolors-1.0.0.tgz#cb5bdc74ff3f51892236eaf79d68bc44564ab81c"
  integrity sha512-1fygroTLlHu66zi26VoTDv8yRgm0Fccecssto+MhsZ0D/DGW2sm8E8AjW7NU5VVTRt5GxbeZ5qBuJr+HyLYkjQ==

postcss@^8.4.21:
  version "8.4.21"
  resolved "https://registry.yarnpkg.com/postcss/-/postcss-8.4.21.tgz#c639b719a57efc3187b13a1d765675485f4134f4"
  integrity sha512-tP7u/Sn/dVxK2NnruI4H9BG+x+Wxz6oeZ1cJ8P6G/PZY0IKk4k/63TDsQf2kQq3+qoJeLm2kIBUNlZe3zgb4Zg==
  dependencies:
    nanoid "^3.3.4"
    picocolors "^1.0.0"
    source-map-js "^1.0.2"

query-string@^8.1.0:
  version "8.1.0"
  resolved "https://registry.yarnpkg.com/query-string/-/query-string-8.1.0.tgz#e7f95367737219544cd360a11a4f4ca03836e115"
  integrity sha512-BFQeWxJOZxZGix7y+SByG3F36dA0AbTy9o6pSmKFcFz7DAj0re9Frkty3saBn3nHo3D0oZJ/+rx3r8H8r8Jbpw==
  dependencies:
    decode-uri-component "^0.4.1"
    filter-obj "^5.1.0"
    split-on-first "^3.0.0"

resolve@^1.22.1:
  version "1.22.1"
  resolved "https://registry.yarnpkg.com/resolve/-/resolve-1.22.1.tgz#27cb2ebb53f91abb49470a928bba7558066ac177"
  integrity sha512-nBpuuYuY5jFsli/JIs1oldw6fOQCBioohqWZg/2hiaOybXOft4lonv85uDOKXdf8rhyK159cxU5cDcK/NKk8zw==
  dependencies:
    is-core-module "^2.9.0"
    path-parse "^1.0.7"
    supports-preserve-symlinks-flag "^1.0.0"

rimraf@^4.4.1:
  version "4.4.1"
  resolved "https://registry.yarnpkg.com/rimraf/-/rimraf-4.4.1.tgz#bd33364f67021c5b79e93d7f4fa0568c7c21b755"
  integrity sha512-Gk8NlF062+T9CqNGn6h4tls3k6T1+/nXdOcSZVikNVtlRdYpA7wRJJMoXmuvOnLW844rPjdQ7JgXCYM6PPC/og==
  dependencies:
    glob "^9.2.0"

rollup@^3.18.0:
  version "3.20.2"
  resolved "https://registry.yarnpkg.com/rollup/-/rollup-3.20.2.tgz#f798c600317f216de2e4ad9f4d9ab30a89b690ff"
  integrity sha512-3zwkBQl7Ai7MFYQE0y1MeQ15+9jsi7XxfrqwTb/9EK8D9C9+//EBR4M+CuA1KODRaNbFez/lWxA5vhEGZp4MUg==
  optionalDependencies:
    fsevents "~2.3.2"

simple-dropzone@^0.8.2:
  version "0.8.2"
  resolved "https://registry.yarnpkg.com/simple-dropzone/-/simple-dropzone-0.8.2.tgz#960515d85f9a3965007ac89d756580b41d2e6b1b"
  integrity sha512-O1/InUqUL1o6/wApWrueA5WQlzeGaql2wFiLUy02ra50pd4pTDhKKG6u71fqO7hUgXNKbdfwRih8NSXOUofnlw==
  dependencies:
    zip-js-esm "^1.1.1"

source-map-js@^1.0.2:
  version "1.0.2"
  resolved "https://registry.yarnpkg.com/source-map-js/-/source-map-js-1.0.2.tgz#adbc361d9c62df380125e7f161f71c826f1e490c"
  integrity sha512-R0XvVJ9WusLiqTCEiGCmICCMplcCkIwwR11mOSD9CR5u+IXYdiseeEuXCVAjS54zqwkLcPNnmU4OeJ6tUrWhDw==

split-on-first@^3.0.0:
  version "3.0.0"
  resolved "https://registry.yarnpkg.com/split-on-first/-/split-on-first-3.0.0.tgz#f04959c9ea8101b9b0bbf35a61b9ebea784a23e7"
  integrity sha512-qxQJTx2ryR0Dw0ITYyekNQWpz6f8dGd7vffGNflQQ3Iqj9NJ6qiZ7ELpZsJ/QBhIVAiDfXdag3+Gp8RvWa62AA==

supports-preserve-symlinks-flag@^1.0.0:
  version "1.0.0"
  resolved "https://registry.yarnpkg.com/supports-preserve-symlinks-flag/-/supports-preserve-symlinks-flag-1.0.0.tgz#6eda4bd344a3c94aea376d4cc31bc77311039e09"
  integrity sha512-ot0WnXS9fgdkgIcePe6RHNk1WA8+muPa6cSjeR3V8K27q9BB1rTE3R1p7Hv0z1ZyAc8s6Vvv8DIyWf681MAt0w==

three@^0.151.0:
  version "0.151.0"
  resolved "https://registry.yarnpkg.com/three/-/three-0.151.0.tgz#05b21fe1d97448916942b31658865b6adc666b48"
  integrity sha512-ZvjJbNhZ/t0L8I36tc1I1ZP9j1q42ANE9WTlR+P3lZfOzlSfNa5VfR1rZRHNyjn/ZPP4kU7xGI1v8QSJOpxE4w==

vhtml@^2.2.0:
  version "2.2.0"
  resolved "https://registry.yarnpkg.com/vhtml/-/vhtml-2.2.0.tgz#369e6823ed6c32cbb9f6e33395bae7c65faa014c"
  integrity sha512-TPXrXrxBOslRUVnlVkiAqhoXneiertIg86bdvzionrUYhEuiROvyPZNiiP6GIIJ2Q7oPNVyEtIx8gMAZZE9lCQ==

vite@^4.2.1:
  version "4.2.1"
  resolved "https://registry.yarnpkg.com/vite/-/vite-4.2.1.tgz#6c2eb337b0dfd80a9ded5922163b94949d7fc254"
  integrity sha512-7MKhqdy0ISo4wnvwtqZkjke6XN4taqQ2TBaTccLIpOKv7Vp2h4Y+NpmWCnGDeSvvn45KxvWgGyb0MkHvY1vgbg==
  dependencies:
    esbuild "^0.17.5"
    postcss "^8.4.21"
    resolve "^1.22.1"
    rollup "^3.18.0"
  optionalDependencies:
    fsevents "~2.3.2"

zip-js-esm@^1.1.1:
  version "1.1.1"
  resolved "https://registry.npmjs.org/zip-js-esm/-/zip-js-esm-1.1.1.tgz"
  integrity sha512-8fSLIpssGjX8mqTduIjlUStH1uBmAFWCmkiAo7/G8uDAY+rEnwE6nll5Cyvu+Ytqmw5FIQ7XAhohNrrZL2PheQ==
