# THIS IS AN AUTOGENERATED FILE. DO NOT EDIT THIS FILE DIRECTLY.
# yarn lockfile v1


"@esbuild/darwin-arm64@0.21.5":
  version "0.21.5"
  resolved "https://registry.npmjs.org/@esbuild/darwin-arm64/-/darwin-arm64-0.21.5.tgz"
  integrity sha512-DwqXqZyuk5AiWWf3UfLiRDJ5EDd49zg6O9wclZ7kUMv2WRFr4HKjXp/5t8JZ11QbQfUS6/cRCKGwYhtNAY88kQ==

"@rollup/rollup-darwin-arm64@4.40.2":
  version "4.40.2"
  resolved "https://registry.npmjs.org/@rollup/rollup-darwin-arm64/-/rollup-darwin-arm64-4.40.2.tgz"
  integrity sha512-Gzf1Hn2Aoe8VZzevHostPX23U7N5+4D36WJNHK88NZHCJr7aVMG4fadqkIf72eqVPGjGc0HJHNuUaUcxiR+N/w==

"@types/estree@1.0.7":
  version "1.0.7"
  resolved "https://registry.npmjs.org/@types/estree/-/estree-1.0.7.tgz"
  integrity sha512-w28IoSUCJpidD/TGviZwwMJckNESJZXFu7NBZ5YJ4mEUnNraUn9Pm8HSZm/jDF1pDWYKspWE7oVphigUPRakIQ==

dat.gui@^0.7.9:
  version "0.7.9"
  resolved "https://registry.npmjs.org/dat.gui/-/dat.gui-0.7.9.tgz"
  integrity sha512-sCNc1OHobc+Erc1HqiswYgHdVNpSJUlk/Hz8vzOCsER7rl+oF/4+v8GXFUyCgtXpoCX6+bnmg07DedLvBLwYKQ==

decode-uri-component@^0.4.1:
  version "0.4.1"
  resolved "https://registry.npmjs.org/decode-uri-component/-/decode-uri-component-0.4.1.tgz"
  integrity sha512-+8VxcR21HhTy8nOt6jf20w0c9CADrw1O8d+VZ/YzzCt4bJ3uBjw+D1q2osAB8RnpwwaeYBxy0HyKQxD5JBMuuQ==

esbuild@^0.21.3:
  version "0.21.5"
  resolved "https://registry.npmjs.org/esbuild/-/esbuild-0.21.5.tgz"
  integrity sha512-mg3OPMV4hXywwpoDxu3Qda5xCKQi+vCTZq8S9J/EpkhB2HzKXq4SNFZE3+NK93JYxc8VMSep+lOUSC/RVKaBqw==
  optionalDependencies:
    "@esbuild/aix-ppc64" "0.21.5"
    "@esbuild/android-arm" "0.21.5"
    "@esbuild/android-arm64" "0.21.5"
    "@esbuild/android-x64" "0.21.5"
    "@esbuild/darwin-arm64" "0.21.5"
    "@esbuild/darwin-x64" "0.21.5"
    "@esbuild/freebsd-arm64" "0.21.5"
    "@esbuild/freebsd-x64" "0.21.5"
    "@esbuild/linux-arm" "0.21.5"
    "@esbuild/linux-arm64" "0.21.5"
    "@esbuild/linux-ia32" "0.21.5"
    "@esbuild/linux-loong64" "0.21.5"
    "@esbuild/linux-mips64el" "0.21.5"
    "@esbuild/linux-ppc64" "0.21.5"
    "@esbuild/linux-riscv64" "0.21.5"
    "@esbuild/linux-s390x" "0.21.5"
    "@esbuild/linux-x64" "0.21.5"
    "@esbuild/netbsd-x64" "0.21.5"
    "@esbuild/openbsd-x64" "0.21.5"
    "@esbuild/sunos-x64" "0.21.5"
    "@esbuild/win32-arm64" "0.21.5"
    "@esbuild/win32-ia32" "0.21.5"
    "@esbuild/win32-x64" "0.21.5"

filter-obj@^5.1.0:
  version "5.1.0"
  resolved "https://registry.npmjs.org/filter-obj/-/filter-obj-5.1.0.tgz"
  integrity sha512-qWeTREPoT7I0bifpPUXtxkZJ1XJzxWtfoWWkdVGqa+eCr3SHW/Ocp89o8vLvbUuQnadybJpjOKu4V+RwO6sGng==

gltf-validator@^2.0.0-dev.3.10:
  version "2.0.0-dev.3.10"
  resolved "https://registry.npmjs.org/gltf-validator/-/gltf-validator-2.0.0-dev.3.10.tgz"
  integrity sha512-odJ4k0tRkGXiDGn78yDBg+fBbAIvBnXxh3RwAta0emSxGtyagFE8B4xELB1oYe3S5RD8Ci3uZAsZaascH2LAEQ==

nanoid@^3.3.8:
  version "3.3.11"
  resolved "https://registry.npmjs.org/nanoid/-/nanoid-3.3.11.tgz"
  integrity sha512-N8SpfPUnUp1bK+PMYW8qSWdl9U+wwNWI4QKxOYDy9JAro3WMX7p2OeVRF9v+347pnakNevPmiHhNmZ2HbFA76w==

picocolors@^1.1.1:
  version "1.1.1"
  resolved "https://registry.npmjs.org/picocolors/-/picocolors-1.1.1.tgz"
  integrity sha512-xceH2snhtb5M9liqDsmEw56le376mTZkEX/jEb/RxNFyegNul7eNslCXP9FDj/Lcu0X8KEyMceP2ntpaHrDEVA==

postcss@^8.4.43:
  version "8.5.3"
  resolved "https://registry.npmjs.org/postcss/-/postcss-8.5.3.tgz"
  integrity sha512-dle9A3yYxlBSrt8Fu+IpjGT8SY8hN0mlaA6GY8t0P5PjIOZemULz/E2Bnm/2dcUOena75OTNkHI76uZBNUUq3A==
  dependencies:
    nanoid "^3.3.8"
    picocolors "^1.1.1"
    source-map-js "^1.2.1"

prettier@^3.2.5:
  version "3.5.3"
  resolved "https://registry.npmjs.org/prettier/-/prettier-3.5.3.tgz"
  integrity sha512-QQtaxnoDJeAkDvDKWCLiwIXkTgRhwYDEQCghU9Z6q03iyek/rxRh/2lC3HB7P8sWT2xC/y5JDctPLBIGzHKbhw==

query-string@^8.1.0:
  version "8.2.0"
  resolved "https://registry.npmjs.org/query-string/-/query-string-8.2.0.tgz"
  integrity sha512-tUZIw8J0CawM5wyGBiDOAp7ObdRQh4uBor/fUR9ZjmbZVvw95OD9If4w3MQxr99rg0DJZ/9CIORcpEqU5hQG7g==
  dependencies:
    decode-uri-component "^0.4.1"
    filter-obj "^5.1.0"
    split-on-first "^3.0.0"

rollup@^4.20.0:
  version "4.40.2"
  resolved "https://registry.npmjs.org/rollup/-/rollup-4.40.2.tgz"
  integrity sha512-tfUOg6DTP4rhQ3VjOO6B4wyrJnGOX85requAXvqYTHsOgb2TFJdZ3aWpT8W2kPoypSGP7dZUyzxJ9ee4buM5Fg==
  dependencies:
    "@types/estree" "1.0.7"
  optionalDependencies:
    "@rollup/rollup-android-arm-eabi" "4.40.2"
    "@rollup/rollup-android-arm64" "4.40.2"
    "@rollup/rollup-darwin-arm64" "4.40.2"
    "@rollup/rollup-darwin-x64" "4.40.2"
    "@rollup/rollup-freebsd-arm64" "4.40.2"
    "@rollup/rollup-freebsd-x64" "4.40.2"
    "@rollup/rollup-linux-arm-gnueabihf" "4.40.2"
    "@rollup/rollup-linux-arm-musleabihf" "4.40.2"
    "@rollup/rollup-linux-arm64-gnu" "4.40.2"
    "@rollup/rollup-linux-arm64-musl" "4.40.2"
    "@rollup/rollup-linux-loongarch64-gnu" "4.40.2"
    "@rollup/rollup-linux-powerpc64le-gnu" "4.40.2"
    "@rollup/rollup-linux-riscv64-gnu" "4.40.2"
    "@rollup/rollup-linux-riscv64-musl" "4.40.2"
    "@rollup/rollup-linux-s390x-gnu" "4.40.2"
    "@rollup/rollup-linux-x64-gnu" "4.40.2"
    "@rollup/rollup-linux-x64-musl" "4.40.2"
    "@rollup/rollup-win32-arm64-msvc" "4.40.2"
    "@rollup/rollup-win32-ia32-msvc" "4.40.2"
    "@rollup/rollup-win32-x64-msvc" "4.40.2"
    fsevents "~2.3.2"

simple-dropzone@^0.8.3:
  version "0.8.3"
  resolved "https://registry.npmjs.org/simple-dropzone/-/simple-dropzone-0.8.3.tgz"
  integrity sha512-y0i8Tf1O9whdRh2NXE2a7y3U0wbQXTbPnRJeHD6XP/tWoLEIwqYxPtnI/Fst3mRASGqMD8hXaRFjgKsO1nbvcg==
  dependencies:
    zip-js-esm "^1.1.1"

source-map-js@^1.2.1:
  version "1.2.1"
  resolved "https://registry.npmjs.org/source-map-js/-/source-map-js-1.2.1.tgz"
  integrity sha512-UXWMKhLOwVKb728IUtQPXxfYU+usdybtUrK/8uGE8CQMvrhOpwvzDBwj0QhSL7MQc7vIsISBG8VQ8+IDQxpfQA==

split-on-first@^3.0.0:
  version "3.0.0"
  resolved "https://registry.npmjs.org/split-on-first/-/split-on-first-3.0.0.tgz"
  integrity sha512-qxQJTx2ryR0Dw0ITYyekNQWpz6f8dGd7vffGNflQQ3Iqj9NJ6qiZ7ELpZsJ/QBhIVAiDfXdag3+Gp8RvWa62AA==

three@^0.176.0:
  version "0.176.0"
  resolved "https://registry.npmjs.org/three/-/three-0.176.0.tgz"
  integrity sha512-PWRKYWQo23ojf9oZSlRGH8K09q7nRSWx6LY/HF/UUrMdYgN9i1e2OwJYHoQjwc6HF/4lvvYLC5YC1X8UJL2ZpA==

vhtml@^2.2.0:
  version "2.2.0"
  resolved "https://registry.npmjs.org/vhtml/-/vhtml-2.2.0.tgz"
  integrity sha512-TPXrXrxBOslRUVnlVkiAqhoXneiertIg86bdvzionrUYhEuiROvyPZNiiP6GIIJ2Q7oPNVyEtIx8gMAZZE9lCQ==

vite@^5.1.8:
  version "5.4.19"
  resolved "https://registry.npmjs.org/vite/-/vite-5.4.19.tgz"
  integrity sha512-qO3aKv3HoQC8QKiNSTuUM1l9o/XX3+c+VTgLHbJWHZGeTPVAg2XwazI9UWzoxjIJCGCV2zU60uqMzjeLZuULqA==
  dependencies:
    esbuild "^0.21.3"
    postcss "^8.4.43"
    rollup "^4.20.0"
  optionalDependencies:
    fsevents "~2.3.3"

zip-js-esm@^1.1.1:
  version "1.1.1"
  resolved "https://registry.npmjs.org/zip-js-esm/-/zip-js-esm-1.1.1.tgz"
  integrity sha512-8fSLIpssGjX8mqTduIjlUStH1uBmAFWCmkiAo7/G8uDAY+rEnwE6nll5Cyvu+Ytqmw5FIQ7XAhohNrrZL2PheQ==
